
Microsoft Visual Studio Solution File, Format Version 12.00
# Visual Studio 15
Project("{D954291E-2A0B-460D-934E-DC6B0785DB48}") = "iOSBGFetchExample", "iOSBGFetchExample\iOSBGFetchExample.shproj", "{ADF04CCC-495A-48B0-8A23-41AB8DD80BDE}"
EndProject
Project("{FAE04EC0-301F-11D3-BF4B-00C04F79EFBC}") = "iOSBGFetchExample.iOS", "iOS\iOSBGFetchExample.iOS.csproj", "{86C06630-1BEB-48A6-9301-869C2E7FFA59}"
EndProject
Project("{FAE04EC0-301F-11D3-BF4B-00C04F79EFBC}") = "iOSBGFetchExample.Droid", "Droid\iOSBGFetchExample.Droid.csproj", "{5CF3CDB7-D78D-4F65-9B9E-7A077C775F36}"
EndProject
Global
	GlobalSection(SolutionConfigurationPlatforms) = preSolution
		Debug|iPhoneSimulator = Debug|iPhoneSimulator
		Release|iPhone = Release|iPhone
		Release|iPhoneSimulator = Release|iPhoneSimulator
		Debug|iPhone = Debug|iPhone
		Debug|Any CPU = Debug|Any CPU
		Release|Any CPU = Release|Any CPU
	EndGlobalSection
	GlobalSection(ProjectConfigurationPlatforms) = postSolution
		{86C06630-1BEB-48A6-9301-869C2E7FFA59}.Debug|iPhoneSimulator.ActiveCfg = Debug|iPhoneSimulator
		{86C06630-1BEB-48A6-9301-869C2E7FFA59}.Debug|iPhoneSimulator.Build.0 = Debug|iPhoneSimulator
		{86C06630-1BEB-48A6-9301-869C2E7FFA59}.Release|iPhone.ActiveCfg = Release|iPhone
		{86C06630-1BEB-48A6-9301-869C2E7FFA59}.Release|iPhone.Build.0 = Release|iPhone
		{86C06630-1BEB-48A6-9301-869C2E7FFA59}.Release|iPhoneSimulator.ActiveCfg = Release|iPhoneSimulator
		{86C06630-1BEB-48A6-9301-869C2E7FFA59}.Release|iPhoneSimulator.Build.0 = Release|iPhoneSimulator
		{86C06630-1BEB-48A6-9301-869C2E7FFA59}.Debug|iPhone.ActiveCfg = Debug|iPhone
		{86C06630-1BEB-48A6-9301-869C2E7FFA59}.Debug|iPhone.Build.0 = Debug|iPhone
		{86C06630-1BEB-48A6-9301-869C2E7FFA59}.Debug|Any CPU.ActiveCfg = Debug|iPhoneSimulator
		{86C06630-1BEB-48A6-9301-869C2E7FFA59}.Debug|Any CPU.Build.0 = Debug|iPhoneSimulator
		{86C06630-1BEB-48A6-9301-869C2E7FFA59}.Release|Any CPU.ActiveCfg = Release|iPhone
		{86C06630-1BEB-48A6-9301-869C2E7FFA59}.Release|Any CPU.Build.0 = Release|iPhone
		{5CF3CDB7-D78D-4F65-9B9E-7A077C775F36}.Debug|iPhoneSimulator.ActiveCfg = Debug|Any CPU
		{5CF3CDB7-D78D-4F65-9B9E-7A077C775F36}.Debug|iPhoneSimulator.Build.0 = Debug|Any CPU
		{5CF3CDB7-D78D-4F65-9B9E-7A077C775F36}.Release|iPhone.ActiveCfg = Release|Any CPU
		{5CF3CDB7-D78D-4F65-9B9E-7A077C775F36}.Release|iPhone.Build.0 = Release|Any CPU
		{5CF3CDB7-D78D-4F65-9B9E-7A077C775F36}.Release|iPhoneSimulator.ActiveCfg = Release|Any CPU
		{5CF3CDB7-D78D-4F65-9B9E-7A077C775F36}.Release|iPhoneSimulator.Build.0 = Release|Any CPU
		{5CF3CDB7-D78D-4F65-9B9E-7A077C775F36}.Debug|iPhone.ActiveCfg = Debug|Any CPU
		{5CF3CDB7-D78D-4F65-9B9E-7A077C775F36}.Debug|iPhone.Build.0 = Debug|Any CPU
		{5CF3CDB7-D78D-4F65-9B9E-7A077C775F36}.Debug|Any CPU.ActiveCfg = Debug|Any CPU
		{5CF3CDB7-D78D-4F65-9B9E-7A077C775F36}.Debug|Any CPU.Build.0 = Debug|Any CPU
		{5CF3CDB7-D78D-4F65-9B9E-7A077C775F36}.Release|Any CPU.ActiveCfg = Release|Any CPU
		{5CF3CDB7-D78D-4F65-9B9E-7A077C775F36}.Release|Any CPU.Build.0 = Release|Any CPU
	EndGlobalSection
EndGlobal
